
Microsoft Visual Studio Solution File, Format Version 12.00
# Visual Studio Version 16
VisualStudioVersion = 16.0.33328.57
MinimumVisualStudioVersion = 10.0.40219.1
Project("{2150E333-8FDC-42A3-9474-1A3956D46DE8}") = "src", "src", "{454E3D6F-FC0F-4E5E-8670-73B570A5F90A}"
EndProject
Project("{2150E333-8FDC-42A3-9474-1A3956D46DE8}") = "build", "build", "{901D58FA-BEFA-456A-A3E4-AB9410C401A0}"
EndProject
Project("{2150E333-8FDC-42A3-9474-1A3956D46DE8}") = "tests", "tests", "{C9E56421-6D21-426F-AE50-8505F20E4FBE}"
EndProject
Project("{9A19103F-16F7-4668-BE54-9A1E7A4F7556}") = "RecipeMe.Api", "src\RecipeMe.Api\RecipeMe.Api.csproj", "{F7F20F9B-A68C-4633-A88E-7874D1455B12}"
EndProject
Project("{9A19103F-16F7-4668-BE54-9A1E7A4F7556}") = "RecipeBook.ServiceLibrary", "src\RecipeBook.ServiceLibrary\RecipeBook.ServiceLibrary.csproj", "{3DBC6202-11BD-4C84-98B0-20E045222C83}"
EndProject
Global
	GlobalSection(SolutionConfigurationPlatforms) = preSolution
		Debug|Any CPU = Debug|Any CPU
		Release|Any CPU = Release|Any CPU
	EndGlobalSection
	GlobalSection(ProjectConfigurationPlatforms) = postSolution
		{F7F20F9B-A68C-4633-A88E-7874D1455B12}.Debug|Any CPU.ActiveCfg = Debug|Any CPU
		{F7F20F9B-A68C-4633-A88E-7874D1455B12}.Debug|Any CPU.Build.0 = Debug|Any CPU
		{F7F20F9B-A68C-4633-A88E-7874D1455B12}.Release|Any CPU.ActiveCfg = Release|Any CPU
		{F7F20F9B-A68C-4633-A88E-7874D1455B12}.Release|Any CPU.Build.0 = Release|Any CPU
		{3DBC6202-11BD-4C84-98B0-20E045222C83}.Debug|Any CPU.ActiveCfg = Debug|Any CPU
		{3DBC6202-11BD-4C84-98B0-20E045222C83}.Debug|Any CPU.Build.0 = Debug|Any CPU
		{3DBC6202-11BD-4C84-98B0-20E045222C83}.Release|Any CPU.ActiveCfg = Release|Any CPU
		{3DBC6202-11BD-4C84-98B0-20E045222C83}.Release|Any CPU.Build.0 = Release|Any CPU
	EndGlobalSection
	GlobalSection(SolutionProperties) = preSolution
		HideSolutionNode = FALSE
	EndGlobalSection
	GlobalSection(NestedProjects) = preSolution
		{F7F20F9B-A68C-4633-A88E-7874D1455B12} = {454E3D6F-FC0F-4E5E-8670-73B570A5F90A}
		{3DBC6202-11BD-4C84-98B0-20E045222C83} = {454E3D6F-FC0F-4E5E-8670-73B570A5F90A}
	EndGlobalSection
	GlobalSection(ExtensibilityGlobals) = postSolution
		SolutionGuid = {592B1172-D5A1-4E55-A587-CD3CF9B64EAF}
	EndGlobalSection
EndGlobal
