
Microsoft Visual Studio Solution File, Format Version 12.00
# Visual Studio Version 16
VisualStudioVersion = 16.0.33328.57
MinimumVisualStudioVersion = 10.0.40219.1
Project("{9A19103F-16F7-4668-BE54-9A1E7A4F7556}") = "RecipeMe.Api", "RecipeMe.Api\RecipeMe.Api.csproj", "{5B5C177D-7114-42D0-95AC-2FAA3C117738}"
EndProject
Project("{FAE04EC0-301F-11D3-BF4B-00C04F79EFBC}") = "RecipeBook.ServiceLibrary", "RecipeBook.ServiceLibrary\RecipeBook.ServiceLibrary.csproj", "{D8E52F26-10A1-4A58-B224-EAEDC6C2A47D}"
EndProject
Global
	GlobalSection(SolutionConfigurationPlatforms) = preSolution
		Debug|Any CPU = Debug|Any CPU
		Release|Any CPU = Release|Any CPU
	EndGlobalSection
	GlobalSection(ProjectConfigurationPlatforms) = postSolution
		{5B5C177D-7114-42D0-95AC-2FAA3C117738}.Debug|Any CPU.ActiveCfg = Debug|Any CPU
		{5B5C177D-7114-42D0-95AC-2FAA3C117738}.Debug|Any CPU.Build.0 = Debug|Any CPU
		{5B5C177D-7114-42D0-95AC-2FAA3C117738}.Release|Any CPU.ActiveCfg = Release|Any CPU
		{5B5C177D-7114-42D0-95AC-2FAA3C117738}.Release|Any CPU.Build.0 = Release|Any CPU
		{D8E52F26-10A1-4A58-B224-EAEDC6C2A47D}.Debug|Any CPU.ActiveCfg = Debug|Any CPU
		{D8E52F26-10A1-4A58-B224-EAEDC6C2A47D}.Debug|Any CPU.Build.0 = Debug|Any CPU
		{D8E52F26-10A1-4A58-B224-EAEDC6C2A47D}.Release|Any CPU.ActiveCfg = Release|Any CPU
		{D8E52F26-10A1-4A58-B224-EAEDC6C2A47D}.Release|Any CPU.Build.0 = Release|Any CPU
	EndGlobalSection
	GlobalSection(SolutionProperties) = preSolution
		HideSolutionNode = FALSE
	EndGlobalSection
	GlobalSection(ExtensibilityGlobals) = postSolution
		SolutionGuid = {592B1172-D5A1-4E55-A587-CD3CF9B64EAF}
	EndGlobalSection
EndGlobal
